PODS:
  - Alamofire (1.3.0)
  - APAddressBook (0.1.11):
    - APAddressBook/Core (= 0.1.11)
  - APAddressBook/Core (0.1.11)
  - Bolts (1.2.0):
    - Bolts/AppLinks (= 1.2.0)
    - Bolts/Tasks (= 1.2.0)
  - Bolts/AppLinks (1.2.0):
    - Bolts/Tasks
  - Bolts/Tasks (1.2.0)
  - Facebook-iOS-SDK (3.23.2):
    - Bolts (~> 1.0)
  - FBAudienceNetwork (4.1.0)
  - FBSDKCoreKit (4.4.0):
    - Bolts (~> 1.1)
    - FBSDKCoreKit/arc (= 4.4.0)
    - FBSDKCoreKit/no-arc (= 4.4.0)
  - FBSDKCoreKit/arc (4.4.0):
    - Bolts (~> 1.1)
  - FBSDKCoreKit/no-arc (4.4.0):
    - Bolts (~> 1.1)
    - FBSDKCoreKit/arc
  - FBSDKLoginKit (4.4.0):
    - FBSDKCoreKit
  - FBSDKShareKit (4.4.0):
    - FBSDKCoreKit
  - JSQMessagesViewController (7.1.0):
    - JSQSystemSoundPlayer (~> 2.0.1)
  - JSQSystemSoundPlayer (2.0.1)
  - Parse (1.7.5.3):
    - Bolts/Tasks (>= 1.2.0)
  - ParseCrashReporting (1.7.5.3):
    - Bolts/Tasks (>= 1.2.0)
    - Parse (~> 1.7.5.3)
  - ParseFacebookUtils (1.7.5.3):
    - Bolts/Tasks (>= 1.2.0)
    - Facebook-iOS-SDK (~> 3.23)
    - Parse (~> 1.7.5.3)
  - ParseUI (1.1.4):
    - Parse (~> 1.7)

DEPENDENCIES:
  - Alamofire (~> 1.3)
  - APAddressBook
  - Bolts
  - FBAudienceNetwork
  - FBSDKCoreKit
  - FBSDKLoginKit
  - FBSDKShareKit
  - JSQMessagesViewController (from `https://github.com/galambalazs/JSQMessagesViewController.git`,
    branch `smooth-scrolling`)
  - JSQSystemSoundPlayer
  - Parse
  - ParseCrashReporting
  - ParseFacebookUtils
  - ParseUI

EXTERNAL SOURCES:
  JSQMessagesViewController:
    :branch: smooth-scrolling
    :git: https://github.com/galambalazs/JSQMessagesViewController.git

CHECKOUT OPTIONS:
  JSQMessagesViewController:
    :commit: 8a4fb6178223117f439537b0f186d09400af6781
    :git: https://github.com/galambalazs/JSQMessagesViewController.git

SPEC CHECKSUMS:
  Alamofire: 220403a8d5840e0b4c946a6fbaf209dbca124282
  APAddressBook: 2c949367b190a993d2cce769a3b20bce8bcf000c
  Bolts: d176cb1e0012175589e389a9db49b85e27787576
  Facebook-iOS-SDK: cd87f0b2f0c1d9574b44e8fa2baacc275524bac3
  FBAudienceNetwork: cbda9ce02fb129f3518434107197a32084fbf57a
  FBSDKCoreKit: 75bdd75c980e811db218488d99dd93b7740f4474
  FBSDKLoginKit: 02a9254a4c132412fa03577b0d53e936d068a7fb
  FBSDKShareKit: a42865f20ba2d1cc548c4d0f73ad22cff6377ddb
  JSQMessagesViewController: ca11f86fa68ca70835f05e169df9244147c1dc40
  JSQSystemSoundPlayer: c5850e77a4363ffd374cd851154b9af93264ed8d
  Parse: 373adbb1ad2e34d383542c3b28f678c49ebe4881
  ParseCrashReporting: 36d2e2770d7502d943b81c013acd5193946ced46
  ParseFacebookUtils: 008a24dc35884519ed6a6750648beb5149f1fad9
  ParseUI: d1228541b02a36a7354c8f47747f5f7a89cf1ff0

COCOAPODS: 0.38.2
