// !$*UTF8*$!
{
	archiveVersion = 1;
	classes = {
	};
	objectVersion = 46;
	objects = {

/* Begin PBXBuildFile section */
		831C19171A97F5CA000FD6D0 /* AppDelegate.swift in Sources */ = {isa = PBXBuildFile; fileRef = 831C19161A97F5CA000FD6D0 /* AppDelegate.swift */; };
		831C191E1A97F5CA000FD6D0 /* Main.storyboard in Resources */ = {isa = PBXBuildFile; fileRef = 831C191C1A97F5CA000FD6D0 /* Main.storyboard */; };
		831C19201A97F5CA000FD6D0 /* Images.xcassets in Resources */ = {isa = PBXBuildFile; fileRef = 831C191F1A97F5CA000FD6D0 /* Images.xcassets */; };
		831C19231A97F5CA000FD6D0 /* LaunchScreen.xib in Resources */ = {isa = PBXBuildFile; fileRef = 831C19211A97F5CA000FD6D0 /* LaunchScreen.xib */; };
		831C192F1A97F5CA000FD6D0 /* SwiftParseChatTests.swift in Sources */ = {isa = PBXBuildFile; fileRef = 831C192E1A97F5CA000FD6D0 /* SwiftParseChatTests.swift */; };
		831C19421A98085B000FD6D0 /* chat_blank@2x.png in Resources */ = {isa = PBXBuildFile; fileRef = 831C193B1A98085B000FD6D0 /* chat_blank@2x.png */; };
		831C19431A98085B000FD6D0 /* messages_blank@2x.png in Resources */ = {isa = PBXBuildFile; fileRef = 831C193C1A98085B000FD6D0 /* messages_blank@2x.png */; };
		831C19441A98085B000FD6D0 /* profile_blank@2x.png in Resources */ = {isa = PBXBuildFile; fileRef = 831C193D1A98085B000FD6D0 /* profile_blank@2x.png */; };
		831C19451A98085B000FD6D0 /* tab_group@2x.png in Resources */ = {isa = PBXBuildFile; fileRef = 831C193E1A98085B000FD6D0 /* tab_group@2x.png */; };
		831C19461A98085B000FD6D0 /* tab_messages@2x.png in Resources */ = {isa = PBXBuildFile; fileRef = 831C193F1A98085B000FD6D0 /* tab_messages@2x.png */; };
		831C19471A98085B000FD6D0 /* tab_private@2x.png in Resources */ = {isa = PBXBuildFile; fileRef = 831C19401A98085B000FD6D0 /* tab_private@2x.png */; };
		831C19481A98085B000FD6D0 /* tab_profile@2x.png in Resources */ = {isa = PBXBuildFile; fileRef = 831C19411A98085B000FD6D0 /* tab_profile@2x.png */; };
		831C194A1A98090E000FD6D0 /* GroupViewController.swift in Sources */ = {isa = PBXBuildFile; fileRef = 831C19491A98090E000FD6D0 /* GroupViewController.swift */; };
		831C194C1A980970000FD6D0 /* PrivateViewController.swift in Sources */ = {isa = PBXBuildFile; fileRef = 831C194B1A980970000FD6D0 /* PrivateViewController.swift */; };
		831C194E1A9809A4000FD6D0 /* MessagesViewController.swift in Sources */ = {isa = PBXBuildFile; fileRef = 831C194D1A9809A4000FD6D0 /* MessagesViewController.swift */; };
		831C19501A9809C7000FD6D0 /* ProfileViewController.swift in Sources */ = {isa = PBXBuildFile; fileRef = 831C194F1A9809C7000FD6D0 /* ProfileViewController.swift */; };
		831C19571A9814B0000FD6D0 /* Bolts.framework in Frameworks */ = {isa = PBXBuildFile; fileRef = 831C19521A9814B0000FD6D0 /* Bolts.framework */; };
		831C19581A9814B0000FD6D0 /* Parse.framework in Frameworks */ = {isa = PBXBuildFile; fileRef = 831C19531A9814B0000FD6D0 /* Parse.framework */; };
		831C19591A9814B0000FD6D0 /* ParseCrashReporting.framework in Frameworks */ = {isa = PBXBuildFile; fileRef = 831C19541A9814B0000FD6D0 /* ParseCrashReporting.framework */; };
		831C195A1A9814B0000FD6D0 /* ParseFacebookUtils.framework in Frameworks */ = {isa = PBXBuildFile; fileRef = 831C19551A9814B0000FD6D0 /* ParseFacebookUtils.framework */; };
		831C195B1A9814B0000FD6D0 /* ParseUI.framework in Frameworks */ = {isa = PBXBuildFile; fileRef = 831C19561A9814B0000FD6D0 /* ParseUI.framework */; };
		831C195D1A981528000FD6D0 /* AudioToolbox.framework in Frameworks */ = {isa = PBXBuildFile; fileRef = 831C195C1A981528000FD6D0 /* AudioToolbox.framework */; };
		831C195F1A98152C000FD6D0 /* CFNetwork.framework in Frameworks */ = {isa = PBXBuildFile; fileRef = 831C195E1A98152C000FD6D0 /* CFNetwork.framework */; };
		831C19611A981532000FD6D0 /* CoreGraphics.framework in Frameworks */ = {isa = PBXBuildFile; fileRef = 831C19601A981532000FD6D0 /* CoreGraphics.framework */; };
		831C19631A981535000FD6D0 /* CoreLocation.framework in Frameworks */ = {isa = PBXBuildFile; fileRef = 831C19621A981535000FD6D0 /* CoreLocation.framework */; };
		831C19651A98153C000FD6D0 /* MobileCoreServices.framework in Frameworks */ = {isa = PBXBuildFile; fileRef = 831C19641A98153C000FD6D0 /* MobileCoreServices.framework */; };
		831C19671A981542000FD6D0 /* QuartzCore.framework in Frameworks */ = {isa = PBXBuildFile; fileRef = 831C19661A981542000FD6D0 /* QuartzCore.framework */; };
		831C19691A981546000FD6D0 /* Security.framework in Frameworks */ = {isa = PBXBuildFile; fileRef = 831C19681A981546000FD6D0 /* Security.framework */; };
		831C196B1A98154C000FD6D0 /* StoreKit.framework in Frameworks */ = {isa = PBXBuildFile; fileRef = 831C196A1A98154C000FD6D0 /* StoreKit.framework */; };
		831C196D1A981550000FD6D0 /* SystemConfiguration.framework in Frameworks */ = {isa = PBXBuildFile; fileRef = 831C196C1A981550000FD6D0 /* SystemConfiguration.framework */; };
		831C196F1A98155A000FD6D0 /* libz.dylib in Frameworks */ = {isa = PBXBuildFile; fileRef = 831C196E1A98155A000FD6D0 /* libz.dylib */; };
		831C19711A981565000FD6D0 /* libsqlite3.dylib in Frameworks */ = {isa = PBXBuildFile; fileRef = 831C19701A981565000FD6D0 /* libsqlite3.dylib */; };
		831C19741A981731000FD6D0 /* FacebookSDK.framework in Frameworks */ = {isa = PBXBuildFile; fileRef = 831C19721A981731000FD6D0 /* FacebookSDK.framework */; };
		831C19751A981731000FD6D0 /* FBAudienceNetwork.framework in Frameworks */ = {isa = PBXBuildFile; fileRef = 831C19731A981731000FD6D0 /* FBAudienceNetwork.framework */; };
		831C19781A981AF6000FD6D0 /* Utilities.swift in Sources */ = {isa = PBXBuildFile; fileRef = 831C19771A981AF6000FD6D0 /* Utilities.swift */; };
		831C197A1A9823A8000FD6D0 /* Constants.swift in Sources */ = {isa = PBXBuildFile; fileRef = 831C19791A9823A8000FD6D0 /* Constants.swift */; };
		836AF4BB1A994C830057E827 /* Messages.swift in Sources */ = {isa = PBXBuildFile; fileRef = 836AF4BA1A994C830057E827 /* Messages.swift */; };
		839A20C71A99D1F0003248CE /* FrameView.swift in Sources */ = {isa = PBXBuildFile; fileRef = 839A20BE1A99D1F0003248CE /* FrameView.swift */; };
		839A20C81A99D1F0003248CE /* HUDAssets.swift in Sources */ = {isa = PBXBuildFile; fileRef = 839A20BF1A99D1F0003248CE /* HUDAssets.swift */; };
		839A20C91A99D1F0003248CE /* HUDContentView.swift in Sources */ = {isa = PBXBuildFile; fileRef = 839A20C01A99D1F0003248CE /* HUDContentView.swift */; };
		839A20CA1A99D1F0003248CE /* HUDController.swift in Sources */ = {isa = PBXBuildFile; fileRef = 839A20C11A99D1F0003248CE /* HUDController.swift */; };
		839A20CB1A99D1F0003248CE /* Images.xcassets in Resources */ = {isa = PBXBuildFile; fileRef = 839A20C21A99D1F0003248CE /* Images.xcassets */; };
		839A20CC1A99D1F0003248CE /* Info.plist in Resources */ = {isa = PBXBuildFile; fileRef = 839A20C31A99D1F0003248CE /* Info.plist */; };
		839A20CD1A99D1F0003248CE /* Window.swift in Sources */ = {isa = PBXBuildFile; fileRef = 839A20C51A99D1F0003248CE /* Window.swift */; };
		839A20CE1A99D1F0003248CE /* WindowRootViewController.swift in Sources */ = {isa = PBXBuildFile; fileRef = 839A20C61A99D1F0003248CE /* WindowRootViewController.swift */; };
		83C839A41A9977E3007AC2AC /* RegisterViewController.swift in Sources */ = {isa = PBXBuildFile; fileRef = 83C839A31A9977E3007AC2AC /* RegisterViewController.swift */; };
		83C839A61A997832007AC2AC /* LoginViewController.swift in Sources */ = {isa = PBXBuildFile; fileRef = 83C839A51A997832007AC2AC /* LoginViewController.swift */; };
		83C839A81A997857007AC2AC /* WelcomeViewController.swift in Sources */ = {isa = PBXBuildFile; fileRef = 83C839A71A997857007AC2AC /* WelcomeViewController.swift */; };
/* End PBXBuildFile section */

/* Begin PBXContainerItemProxy section */
		831C19291A97F5CA000FD6D0 /* PBXContainerItemProxy */ = {
			isa = PBXContainerItemProxy;
			containerPortal = 831C19091A97F5CA000FD6D0 /* Project object */;
			proxyType = 1;
			remoteGlobalIDString = 831C19101A97F5CA000FD6D0;
			remoteInfo = SwiftParseChat;
		};
/* End PBXContainerItemProxy section */

/* Begin PBXFileReference section */
		831C19111A97F5CA000FD6D0 /* SwiftParseChat.app */ = {isa = PBXFileReference; explicitFileType = wrapper.application; includeInIndex = 0; path = SwiftParseChat.app; sourceTree = BUILT_PRODUCTS_DIR; };
		831C19151A97F5CA000FD6D0 /* Info.plist */ = {isa = PBXFileReference; lastKnownFileType = text.plist.xml; path = Info.plist; sourceTree = "<group>"; };
		831C19161A97F5CA000FD6D0 /* AppDelegate.swift */ = {isa = PBXFileReference; lastKnownFileType = sourcecode.swift; path = AppDelegate.swift; sourceTree = "<group>"; };
		831C191D1A97F5CA000FD6D0 /* Base */ = {isa = PBXFileReference; lastKnownFileType = file.storyboard; name = Base; path = Base.lproj/Main.storyboard; sourceTree = "<group>"; };
		831C191F1A97F5CA000FD6D0 /* Images.xcassets */ = {isa = PBXFileReference; lastKnownFileType = folder.assetcatalog; path = Images.xcassets; sourceTree = "<group>"; };
		831C19221A97F5CA000FD6D0 /* Base */ = {isa = PBXFileReference; lastKnownFileType = file.xib; name = Base; path = Base.lproj/LaunchScreen.xib; sourceTree = "<group>"; };
		831C19281A97F5CA000FD6D0 /* SwiftParseChatTests.xctest */ = {isa = PBXFileReference; explicitFileType = wrapper.cfbundle; includeInIndex = 0; path = SwiftParseChatTests.xctest; sourceTree = BUILT_PRODUCTS_DIR; };
		831C192D1A97F5CA000FD6D0 /* Info.plist */ = {isa = PBXFileReference; lastKnownFileType = text.plist.xml; path = Info.plist; sourceTree = "<group>"; };
		831C192E1A97F5CA000FD6D0 /* SwiftParseChatTests.swift */ = {isa = PBXFileReference; lastKnownFileType = sourcecode.swift; path = SwiftParseChatTests.swift; sourceTree = "<group>"; };
		831C193B1A98085B000FD6D0 /* chat_blank@2x.png */ = {isa = PBXFileReference; lastKnownFileType = image.png; path = "chat_blank@2x.png"; sourceTree = "<group>"; };
		831C193C1A98085B000FD6D0 /* messages_blank@2x.png */ = {isa = PBXFileReference; lastKnownFileType = image.png; path = "messages_blank@2x.png"; sourceTree = "<group>"; };
		831C193D1A98085B000FD6D0 /* profile_blank@2x.png */ = {isa = PBXFileReference; lastKnownFileType = image.png; path = "profile_blank@2x.png"; sourceTree = "<group>"; };
		831C193E1A98085B000FD6D0 /* tab_group@2x.png */ = {isa = PBXFileReference; lastKnownFileType = image.png; path = "tab_group@2x.png"; sourceTree = "<group>"; };
		831C193F1A98085B000FD6D0 /* tab_messages@2x.png */ = {isa = PBXFileReference; lastKnownFileType = image.png; path = "tab_messages@2x.png"; sourceTree = "<group>"; };
		831C19401A98085B000FD6D0 /* tab_private@2x.png */ = {isa = PBXFileReference; lastKnownFileType = image.png; path = "tab_private@2x.png"; sourceTree = "<group>"; };
		831C19411A98085B000FD6D0 /* tab_profile@2x.png */ = {isa = PBXFileReference; lastKnownFileType = image.png; path = "tab_profile@2x.png"; sourceTree = "<group>"; };
		831C19491A98090E000FD6D0 /* GroupViewController.swift */ = {isa = PBXFileReference; fileEncoding = 4; lastKnownFileType = sourcecode.swift; path = GroupViewController.swift; sourceTree = "<group>"; };
		831C194B1A980970000FD6D0 /* PrivateViewController.swift */ = {isa = PBXFileReference; fileEncoding = 4; lastKnownFileType = sourcecode.swift; path = PrivateViewController.swift; sourceTree = "<group>"; };
		831C194D1A9809A4000FD6D0 /* MessagesViewController.swift */ = {isa = PBXFileReference; fileEncoding = 4; lastKnownFileType = sourcecode.swift; path = MessagesViewController.swift; sourceTree = "<group>"; };
		831C194F1A9809C7000FD6D0 /* ProfileViewController.swift */ = {isa = PBXFileReference; fileEncoding = 4; lastKnownFileType = sourcecode.swift; path = ProfileViewController.swift; sourceTree = "<group>"; };
		831C19521A9814B0000FD6D0 /* Bolts.framework */ = {isa = PBXFileReference; lastKnownFileType = wrapper.framework; path = Bolts.framework; sourceTree = "<group>"; };
		831C19531A9814B0000FD6D0 /* Parse.framework */ = {isa = PBXFileReference; lastKnownFileType = wrapper.framework; path = Parse.framework; sourceTree = "<group>"; };
		831C19541A9814B0000FD6D0 /* ParseCrashReporting.framework */ = {isa = PBXFileReference; lastKnownFileType = wrapper.framework; path = ParseCrashReporting.framework; sourceTree = "<group>"; };
		831C19551A9814B0000FD6D0 /* ParseFacebookUtils.framework */ = {isa = PBXFileReference; lastKnownFileType = wrapper.framework; path = ParseFacebookUtils.framework; sourceTree = "<group>"; };
		831C19561A9814B0000FD6D0 /* ParseUI.framework */ = {isa = PBXFileReference; lastKnownFileType = wrapper.framework; path = ParseUI.framework; sourceTree = "<group>"; };
		831C195C1A981528000FD6D0 /* AudioToolbox.framework */ = {isa = PBXFileReference; lastKnownFileType = wrapper.framework; name = AudioToolbox.framework; path = System/Library/Frameworks/AudioToolbox.framework; sourceTree = SDKROOT; };
		831C195E1A98152C000FD6D0 /* CFNetwork.framework */ = {isa = PBXFileReference; lastKnownFileType = wrapper.framework; name = CFNetwork.framework; path = System/Library/Frameworks/CFNetwork.framework; sourceTree = SDKROOT; };
		831C19601A981532000FD6D0 /* CoreGraphics.framework */ = {isa = PBXFileReference; lastKnownFileType = wrapper.framework; name = CoreGraphics.framework; path = System/Library/Frameworks/CoreGraphics.framework; sourceTree = SDKROOT; };
		831C19621A981535000FD6D0 /* CoreLocation.framework */ = {isa = PBXFileReference; lastKnownFileType = wrapper.framework; name = CoreLocation.framework; path = System/Library/Frameworks/CoreLocation.framework; sourceTree = SDKROOT; };
		831C19641A98153C000FD6D0 /* MobileCoreServices.framework */ = {isa = PBXFileReference; lastKnownFileType = wrapper.framework; name = MobileCoreServices.framework; path = System/Library/Frameworks/MobileCoreServices.framework; sourceTree = SDKROOT; };
		831C19661A981542000FD6D0 /* QuartzCore.framework */ = {isa = PBXFileReference; lastKnownFileType = wrapper.framework; name = QuartzCore.framework; path = System/Library/Frameworks/QuartzCore.framework; sourceTree = SDKROOT; };
		831C19681A981546000FD6D0 /* Security.framework */ = {isa = PBXFileReference; lastKnownFileType = wrapper.framework; name = Security.framework; path = System/Library/Frameworks/Security.framework; sourceTree = SDKROOT; };
		831C196A1A98154C000FD6D0 /* StoreKit.framework */ = {isa = PBXFileReference; lastKnownFileType = wrapper.framework; name = StoreKit.framework; path = System/Library/Frameworks/StoreKit.framework; sourceTree = SDKROOT; };
		831C196C1A981550000FD6D0 /* SystemConfiguration.framework */ = {isa = PBXFileReference; lastKnownFileType = wrapper.framework; name = SystemConfiguration.framework; path = System/Library/Frameworks/SystemConfiguration.framework; sourceTree = SDKROOT; };
		831C196E1A98155A000FD6D0 /* libz.dylib */ = {isa = PBXFileReference; lastKnownFileType = "compiled.mach-o.dylib"; name = libz.dylib; path = usr/lib/libz.dylib; sourceTree = SDKROOT; };
		831C19701A981565000FD6D0 /* libsqlite3.dylib */ = {isa = PBXFileReference; lastKnownFileType = "compiled.mach-o.dylib"; name = libsqlite3.dylib; path = usr/lib/libsqlite3.dylib; sourceTree = SDKROOT; };
		831C19721A981731000FD6D0 /* FacebookSDK.framework */ = {isa = PBXFileReference; lastKnownFileType = wrapper.framework; path = FacebookSDK.framework; sourceTree = "<group>"; };
		831C19731A981731000FD6D0 /* FBAudienceNetwork.framework */ = {isa = PBXFileReference; lastKnownFileType = wrapper.framework; path = FBAudienceNetwork.framework; sourceTree = "<group>"; };
		831C19761A9818CF000FD6D0 /* SwiftParseChat-Bridging-Header.h */ = {isa = PBXFileReference; lastKnownFileType = sourcecode.c.h; path = "SwiftParseChat-Bridging-Header.h"; sourceTree = SOURCE_ROOT; };
		831C19771A981AF6000FD6D0 /* Utilities.swift */ = {isa = PBXFileReference; fileEncoding = 4; lastKnownFileType = sourcecode.swift; path = Utilities.swift; sourceTree = "<group>"; };
		831C19791A9823A8000FD6D0 /* Constants.swift */ = {isa = PBXFileReference; fileEncoding = 4; lastKnownFileType = sourcecode.swift; path = Constants.swift; sourceTree = "<group>"; };
		836AF4BA1A994C830057E827 /* Messages.swift */ = {isa = PBXFileReference; fileEncoding = 4; lastKnownFileType = sourcecode.swift; path = Messages.swift; sourceTree = "<group>"; };
		839A20BE1A99D1F0003248CE /* FrameView.swift */ = {isa = PBXFileReference; fileEncoding = 4; lastKnownFileType = sourcecode.swift; path = FrameView.swift; sourceTree = "<group>"; };
		839A20BF1A99D1F0003248CE /* HUDAssets.swift */ = {isa = PBXFileReference; fileEncoding = 4; lastKnownFileType = sourcecode.swift; path = HUDAssets.swift; sourceTree = "<group>"; };
		839A20C01A99D1F0003248CE /* HUDContentView.swift */ = {isa = PBXFileReference; fileEncoding = 4; lastKnownFileType = sourcecode.swift; path = HUDContentView.swift; sourceTree = "<group>"; };
		839A20C11A99D1F0003248CE /* HUDController.swift */ = {isa = PBXFileReference; fileEncoding = 4; lastKnownFileType = sourcecode.swift; path = HUDController.swift; sourceTree = "<group>"; };
		839A20C21A99D1F0003248CE /* Images.xcassets */ = {isa = PBXFileReference; lastKnownFileType = folder.assetcatalog; path = Images.xcassets; sourceTree = "<group>"; };
		839A20C31A99D1F0003248CE /* Info.plist */ = {isa = PBXFileReference; fileEncoding = 4; lastKnownFileType = text.plist.xml; path = Info.plist; sourceTree = "<group>"; };
		839A20C41A99D1F0003248CE /* PKHUD.h */ = {isa = PBXFileReference; fileEncoding = 4; lastKnownFileType = sourcecode.c.h; path = PKHUD.h; sourceTree = "<group>"; };
		839A20C51A99D1F0003248CE /* Window.swift */ = {isa = PBXFileReference; fileEncoding = 4; lastKnownFileType = sourcecode.swift; path = Window.swift; sourceTree = "<group>"; };
		839A20C61A99D1F0003248CE /* WindowRootViewController.swift */ = {isa = PBXFileReference; fileEncoding = 4; lastKnownFileType = sourcecode.swift; path = WindowRootViewController.swift; sourceTree = "<group>"; };
		83C839A31A9977E3007AC2AC /* RegisterViewController.swift */ = {isa = PBXFileReference; fileEncoding = 4; lastKnownFileType = sourcecode.swift; path = RegisterViewController.swift; sourceTree = "<group>"; };
		83C839A51A997832007AC2AC /* LoginViewController.swift */ = {isa = PBXFileReference; fileEncoding = 4; lastKnownFileType = sourcecode.swift; path = LoginViewController.swift; sourceTree = "<group>"; };
		83C839A71A997857007AC2AC /* WelcomeViewController.swift */ = {isa = PBXFileReference; fileEncoding = 4; lastKnownFileType = sourcecode.swift; path = WelcomeViewController.swift; sourceTree = "<group>"; };
/* End PBXFileReference section */

/* Begin PBXFrameworksBuildPhase section */
		831C190E1A97F5CA000FD6D0 /* Frameworks */ = {
			isa = PBXFrameworksBuildPhase;
			buildActionMask = 2147483647;
			files = (
				831C19711A981565000FD6D0 /* libsqlite3.dylib in Frameworks */,
				831C196F1A98155A000FD6D0 /* libz.dylib in Frameworks */,
				831C196D1A981550000FD6D0 /* SystemConfiguration.framework in Frameworks */,
				831C196B1A98154C000FD6D0 /* StoreKit.framework in Frameworks */,
				831C19691A981546000FD6D0 /* Security.framework in Frameworks */,
				831C19671A981542000FD6D0 /* QuartzCore.framework in Frameworks */,
				831C19651A98153C000FD6D0 /* MobileCoreServices.framework in Frameworks */,
				831C19631A981535000FD6D0 /* CoreLocation.framework in Frameworks */,
				831C19741A981731000FD6D0 /* FacebookSDK.framework in Frameworks */,
				831C19611A981532000FD6D0 /* CoreGraphics.framework in Frameworks */,
				831C195F1A98152C000FD6D0 /* CFNetwork.framework in Frameworks */,
				831C195D1A981528000FD6D0 /* AudioToolbox.framework in Frameworks */,
				831C19581A9814B0000FD6D0 /* Parse.framework in Frameworks */,
				831C19591A9814B0000FD6D0 /* ParseCrashReporting.framework in Frameworks */,
				831C195B1A9814B0000FD6D0 /* ParseUI.framework in Frameworks */,
				831C19751A981731000FD6D0 /* FBAudienceNetwork.framework in Frameworks */,
				831C195A1A9814B0000FD6D0 /* ParseFacebookUtils.framework in Frameworks */,
				831C19571A9814B0000FD6D0 /* Bolts.framework in Frameworks */,
			);
			runOnlyForDeploymentPostprocessing = 0;
		};
		831C19251A97F5CA000FD6D0 /* Frameworks */ = {
			isa = PBXFrameworksBuildPhase;
			buildActionMask = 2147483647;
			files = (
			);
			runOnlyForDeploymentPostprocessing = 0;
		};
/* End PBXFrameworksBuildPhase section */

/* Begin PBXGroup section */
		831C19081A97F5CA000FD6D0 = {
			isa = PBXGroup;
			children = (
				831C19761A9818CF000FD6D0 /* SwiftParseChat-Bridging-Header.h */,
				831C19511A981482000FD6D0 /* Frameworks */,
				831C19131A97F5CA000FD6D0 /* SwiftParseChat */,
				831C192B1A97F5CA000FD6D0 /* SwiftParseChatTests */,
				831C19121A97F5CA000FD6D0 /* Products */,
			);
			sourceTree = "<group>";
		};
		831C19121A97F5CA000FD6D0 /* Products */ = {
			isa = PBXGroup;
			children = (
				831C19111A97F5CA000FD6D0 /* SwiftParseChat.app */,
				831C19281A97F5CA000FD6D0 /* SwiftParseChatTests.xctest */,
			);
			name = Products;
			sourceTree = "<group>";
		};
		831C19131A97F5CA000FD6D0 /* SwiftParseChat */ = {
			isa = PBXGroup;
			children = (
				831C19391A9807CF000FD6D0 /* Resources */,
				831C19161A97F5CA000FD6D0 /* AppDelegate.swift */,
				831C19791A9823A8000FD6D0 /* Constants.swift */,
				83C839AA1A9978A2007AC2AC /* Tabs */,
				83C839AB1A9978F6007AC2AC /* Utilities */,
				831C191C1A97F5CA000FD6D0 /* Main.storyboard */,
				83C839A91A997885007AC2AC /* User */,
				831C191F1A97F5CA000FD6D0 /* Images.xcassets */,
				831C19211A97F5CA000FD6D0 /* LaunchScreen.xib */,
				831C19141A97F5CA000FD6D0 /* Supporting Files */,
			);
			path = SwiftParseChat;
			sourceTree = "<group>";
		};
		831C19141A97F5CA000FD6D0 /* Supporting Files */ = {
			isa = PBXGroup;
			children = (
				831C19151A97F5CA000FD6D0 /* Info.plist */,
			);
			name = "Supporting Files";
			sourceTree = "<group>";
		};
		831C192B1A97F5CA000FD6D0 /* SwiftParseChatTests */ = {
			isa = PBXGroup;
			children = (
				831C192E1A97F5CA000FD6D0 /* SwiftParseChatTests.swift */,
				831C192C1A97F5CA000FD6D0 /* Supporting Files */,
			);
			path = SwiftParseChatTests;
			sourceTree = "<group>";
		};
		831C192C1A97F5CA000FD6D0 /* Supporting Files */ = {
			isa = PBXGroup;
			children = (
				831C192D1A97F5CA000FD6D0 /* Info.plist */,
			);
			name = "Supporting Files";
			sourceTree = "<group>";
		};
		831C19391A9807CF000FD6D0 /* Resources */ = {
			isa = PBXGroup;
			children = (
				831C193A1A980843000FD6D0 /* Images */,
			);
			name = Resources;
			sourceTree = "<group>";
		};
		831C193A1A980843000FD6D0 /* Images */ = {
			isa = PBXGroup;
			children = (
				831C193B1A98085B000FD6D0 /* chat_blank@2x.png */,
				831C193C1A98085B000FD6D0 /* messages_blank@2x.png */,
				831C193D1A98085B000FD6D0 /* profile_blank@2x.png */,
				831C193E1A98085B000FD6D0 /* tab_group@2x.png */,
				831C193F1A98085B000FD6D0 /* tab_messages@2x.png */,
				831C19401A98085B000FD6D0 /* tab_private@2x.png */,
				831C19411A98085B000FD6D0 /* tab_profile@2x.png */,
			);
			name = Images;
			sourceTree = "<group>";
		};
		831C19511A981482000FD6D0 /* Frameworks */ = {
			isa = PBXGroup;
			children = (
				839A20BD1A99D1F0003248CE /* PKHUD */,
				831C19701A981565000FD6D0 /* libsqlite3.dylib */,
				831C196E1A98155A000FD6D0 /* libz.dylib */,
				831C19721A981731000FD6D0 /* FacebookSDK.framework */,
				831C19731A981731000FD6D0 /* FBAudienceNetwork.framework */,
				831C196C1A981550000FD6D0 /* SystemConfiguration.framework */,
				831C196A1A98154C000FD6D0 /* StoreKit.framework */,
				831C19681A981546000FD6D0 /* Security.framework */,
				831C19661A981542000FD6D0 /* QuartzCore.framework */,
				831C19641A98153C000FD6D0 /* MobileCoreServices.framework */,
				831C19621A981535000FD6D0 /* CoreLocation.framework */,
				831C19601A981532000FD6D0 /* CoreGraphics.framework */,
				831C195E1A98152C000FD6D0 /* CFNetwork.framework */,
				831C195C1A981528000FD6D0 /* AudioToolbox.framework */,
				831C19521A9814B0000FD6D0 /* Bolts.framework */,
				831C19531A9814B0000FD6D0 /* Parse.framework */,
				831C19541A9814B0000FD6D0 /* ParseCrashReporting.framework */,
				831C19551A9814B0000FD6D0 /* ParseFacebookUtils.framework */,
				831C19561A9814B0000FD6D0 /* ParseUI.framework */,
			);
			name = Frameworks;
			sourceTree = "<group>";
		};
		839A20BD1A99D1F0003248CE /* PKHUD */ = {
			isa = PBXGroup;
			children = (
				839A20BE1A99D1F0003248CE /* FrameView.swift */,
				839A20BF1A99D1F0003248CE /* HUDAssets.swift */,
				839A20C01A99D1F0003248CE /* HUDContentView.swift */,
				839A20C11A99D1F0003248CE /* HUDController.swift */,
				839A20C21A99D1F0003248CE /* Images.xcassets */,
				839A20C31A99D1F0003248CE /* Info.plist */,
				839A20C41A99D1F0003248CE /* PKHUD.h */,
				839A20C51A99D1F0003248CE /* Window.swift */,
				839A20C61A99D1F0003248CE /* WindowRootViewController.swift */,
			);
			path = PKHUD;
			sourceTree = "<group>";
		};
		83C839A91A997885007AC2AC /* User */ = {
			isa = PBXGroup;
			children = (
				83C839A31A9977E3007AC2AC /* RegisterViewController.swift */,
				83C839A51A997832007AC2AC /* LoginViewController.swift */,
				83C839A71A997857007AC2AC /* WelcomeViewController.swift */,
			);
			name = User;
			sourceTree = "<group>";
		};
		83C839AA1A9978A2007AC2AC /* Tabs */ = {
			isa = PBXGroup;
			children = (
				831C19491A98090E000FD6D0 /* GroupViewController.swift */,
				831C194D1A9809A4000FD6D0 /* MessagesViewController.swift */,
				831C194F1A9809C7000FD6D0 /* ProfileViewController.swift */,
				831C194B1A980970000FD6D0 /* PrivateViewController.swift */,
			);
			name = Tabs;
			sourceTree = "<group>";
		};
		83C839AB1A9978F6007AC2AC /* Utilities */ = {
			isa = PBXGroup;
			children = (
				836AF4BA1A994C830057E827 /* Messages.swift */,
				831C19771A981AF6000FD6D0 /* Utilities.swift */,
			);
			name = Utilities;
			sourceTree = "<group>";
		};
/* End PBXGroup section */

/* Begin PBXNativeTarget section */
		831C19101A97F5CA000FD6D0 /* SwiftParseChat */ = {
			isa = PBXNativeTarget;
			buildConfigurationList = 831C19321A97F5CB000FD6D0 /* Build configuration list for PBXNativeTarget "SwiftParseChat" */;
			buildPhases = (
				831C190D1A97F5CA000FD6D0 /* Sources */,
				831C190E1A97F5CA000FD6D0 /* Frameworks */,
				831C190F1A97F5CA000FD6D0 /* Resources */,
			);
			buildRules = (
			);
			dependencies = (
			);
			name = SwiftParseChat;
			productName = SwiftParseChat;
			productReference = 831C19111A97F5CA000FD6D0 /* SwiftParseChat.app */;
			productType = "com.apple.product-type.application";
		};
		831C19271A97F5CA000FD6D0 /* SwiftParseChatTests */ = {
			isa = PBXNativeTarget;
			buildConfigurationList = 831C19351A97F5CB000FD6D0 /* Build configuration list for PBXNativeTarget "SwiftParseChatTests" */;
			buildPhases = (
				831C19241A97F5CA000FD6D0 /* Sources */,
				831C19251A97F5CA000FD6D0 /* Frameworks */,
				831C19261A97F5CA000FD6D0 /* Resources */,
			);
			buildRules = (
			);
			dependencies = (
				831C192A1A97F5CA000FD6D0 /* PBXTargetDependency */,
			);
			name = SwiftParseChatTests;
			productName = SwiftParseChatTests;
			productReference = 831C19281A97F5CA000FD6D0 /* SwiftParseChatTests.xctest */;
			productType = "com.apple.product-type.bundle.unit-test";
		};
/* End PBXNativeTarget section */

/* Begin PBXProject section */
		831C19091A97F5CA000FD6D0 /* Project object */ = {
			isa = PBXProject;
			attributes = {
				LastUpgradeCheck = 0610;
				ORGANIZATIONNAME = "Jesse Hu";
				TargetAttributes = {
					831C19101A97F5CA000FD6D0 = {
						CreatedOnToolsVersion = 6.1.1;
					};
					831C19271A97F5CA000FD6D0 = {
						CreatedOnToolsVersion = 6.1.1;
						TestTargetID = 831C19101A97F5CA000FD6D0;
					};
				};
			};
			buildConfigurationList = 831C190C1A97F5CA000FD6D0 /* Build configuration list for PBXProject "SwiftParseChat" */;
			compatibilityVersion = "Xcode 3.2";
			developmentRegion = English;
			hasScannedForEncodings = 0;
			knownRegions = (
				en,
				Base,
			);
			mainGroup = 831C19081A97F5CA000FD6D0;
			productRefGroup = 831C19121A97F5CA000FD6D0 /* Products */;
			projectDirPath = "";
			projectRoot = "";
			targets = (
				831C19101A97F5CA000FD6D0 /* SwiftParseChat */,
				831C19271A97F5CA000FD6D0 /* SwiftParseChatTests */,
			);
		};
/* End PBXProject section */

/* Begin PBXResourcesBuildPhase section */
		831C190F1A97F5CA000FD6D0 /* Resources */ = {
			isa = PBXResourcesBuildPhase;
			buildActionMask = 2147483647;
			files = (
				831C19481A98085B000FD6D0 /* tab_profile@2x.png in Resources */,
				831C191E1A97F5CA000FD6D0 /* Main.storyboard in Resources */,
				831C19421A98085B000FD6D0 /* chat_blank@2x.png in Resources */,
				831C19451A98085B000FD6D0 /* tab_group@2x.png in Resources */,
				839A20CB1A99D1F0003248CE /* Images.xcassets in Resources */,
				831C19431A98085B000FD6D0 /* messages_blank@2x.png in Resources */,
				831C19471A98085B000FD6D0 /* tab_private@2x.png in Resources */,
				831C19231A97F5CA000FD6D0 /* LaunchScreen.xib in Resources */,
				839A20CC1A99D1F0003248CE /* Info.plist in Resources */,
				831C19201A97F5CA000FD6D0 /* Images.xcassets in Resources */,
				831C19461A98085B000FD6D0 /* tab_messages@2x.png in Resources */,
				831C19441A98085B000FD6D0 /* profile_blank@2x.png in Resources */,
			);
			runOnlyForDeploymentPostprocessing = 0;
		};
		831C19261A97F5CA000FD6D0 /* Resources */ = {
			isa = PBXResourcesBuildPhase;
			buildActionMask = 2147483647;
			files = (
			);
			runOnlyForDeploymentPostprocessing = 0;
		};
/* End PBXResourcesBuildPhase section */

/* Begin PBXSourcesBuildPhase section */
		831C190D1A97F5CA000FD6D0 /* Sources */ = {
			isa = PBXSourcesBuildPhase;
			buildActionMask = 2147483647;
			files = (
				839A20C91A99D1F0003248CE /* HUDContentView.swift in Sources */,
				839A20CA1A99D1F0003248CE /* HUDController.swift in Sources */,
				839A20C71A99D1F0003248CE /* FrameView.swift in Sources */,
				83C839A41A9977E3007AC2AC /* RegisterViewController.swift in Sources */,
				831C19781A981AF6000FD6D0 /* Utilities.swift in Sources */,
				839A20CE1A99D1F0003248CE /* WindowRootViewController.swift in Sources */,
				83C839A81A997857007AC2AC /* WelcomeViewController.swift in Sources */,
				836AF4BB1A994C830057E827 /* Messages.swift in Sources */,
				831C19501A9809C7000FD6D0 /* ProfileViewController.swift in Sources */,
				831C194E1A9809A4000FD6D0 /* MessagesViewController.swift in Sources */,
				831C194C1A980970000FD6D0 /* PrivateViewController.swift in Sources */,
				839A20C81A99D1F0003248CE /* HUDAssets.swift in Sources */,
				831C197A1A9823A8000FD6D0 /* Constants.swift in Sources */,
				831C194A1A98090E000FD6D0 /* GroupViewController.swift in Sources */,
				83C839A61A997832007AC2AC /* LoginViewController.swift in Sources */,
				831C19171A97F5CA000FD6D0 /* AppDelegate.swift in Sources */,
				839A20CD1A99D1F0003248CE /* Window.swift in Sources */,
			);
			runOnlyForDeploymentPostprocessing = 0;
		};
		831C19241A97F5CA000FD6D0 /* Sources */ = {
			isa = PBXSourcesBuildPhase;
			buildActionMask = 2147483647;
			files = (
				831C192F1A97F5CA000FD6D0 /* SwiftParseChatTests.swift in Sources */,
			);
			runOnlyForDeploymentPostprocessing = 0;
		};
/* End PBXSourcesBuildPhase section */

/* Begin PBXTargetDependency section */
		831C192A1A97F5CA000FD6D0 /* PBXTargetDependency */ = {
			isa = PBXTargetDependency;
			target = 831C19101A97F5CA000FD6D0 /* SwiftParseChat */;
			targetProxy = 831C19291A97F5CA000FD6D0 /* PBXContainerItemProxy */;
		};
/* End PBXTargetDependency section */

/* Begin PBXVariantGroup section */
		831C191C1A97F5CA000FD6D0 /* Main.storyboard */ = {
			isa = PBXVariantGroup;
			children = (
				831C191D1A97F5CA000FD6D0 /* Base */,
			);
			name = Main.storyboard;
			sourceTree = "<group>";
		};
		831C19211A97F5CA000FD6D0 /* LaunchScreen.xib */ = {
			isa = PBXVariantGroup;
			children = (
				831C19221A97F5CA000FD6D0 /* Base */,
			);
			name = LaunchScreen.xib;
			sourceTree = "<group>";
		};
/* End PBXVariantGroup section */

/* Begin XCBuildConfiguration section */
		831C19301A97F5CB000FD6D0 /* Debug */ = {
			isa = XCBuildConfiguration;
			buildSettings = {
				ALWAYS_SEARCH_USER_PATHS = NO;
				CLANG_CXX_LANGUAGE_STANDARD = "gnu++0x";
				CLANG_CXX_LIBRARY = "libc++";
				CLANG_ENABLE_MODULES = YES;
				CLANG_ENABLE_OBJC_ARC = YES;
				CLANG_WARN_BOOL_CONVERSION = YES;
				CLANG_WARN_CONSTANT_CONVERSION = YES;
				CLANG_WARN_DIRECT_OBJC_ISA_USAGE = YES_ERROR;
				CLANG_WARN_EMPTY_BODY = YES;
				CLANG_WARN_ENUM_CONVERSION = YES;
				CLANG_WARN_INT_CONVERSION = YES;
				CLANG_WARN_OBJC_ROOT_CLASS = YES_ERROR;
				CLANG_WARN_UNREACHABLE_CODE = YES;
				CLANG_WARN__DUPLICATE_METHOD_MATCH = YES;
				"CODE_SIGN_IDENTITY[sdk=iphoneos*]" = "iPhone Developer";
				COPY_PHASE_STRIP = NO;
				ENABLE_STRICT_OBJC_MSGSEND = YES;
				GCC_C_LANGUAGE_STANDARD = gnu99;
				GCC_DYNAMIC_NO_PIC = NO;
				GCC_OPTIMIZATION_LEVEL = 0;
				GCC_PREPROCESSOR_DEFINITIONS = (
					"DEBUG=1",
					"$(inherited)",
				);
				GCC_SYMBOLS_PRIVATE_EXTERN = NO;
				GCC_WARN_64_TO_32_BIT_CONVERSION = YES;
				GCC_WARN_ABOUT_RETURN_TYPE = YES_ERROR;
				GCC_WARN_UNDECLARED_SELECTOR = YES;
				GCC_WARN_UNINITIALIZED_AUTOS = YES_AGGRESSIVE;
				GCC_WARN_UNUSED_FUNCTION = YES;
				GCC_WARN_UNUSED_VARIABLE = YES;
				IPHONEOS_DEPLOYMENT_TARGET = 8.1;
				MTL_ENABLE_DEBUG_INFO = YES;
				ONLY_ACTIVE_ARCH = YES;
				SDKROOT = iphoneos;
				SWIFT_OPTIMIZATION_LEVEL = "-Onone";
			};
			name = Debug;
		};
		831C19311A97F5CB000FD6D0 /* Release */ = {
			isa = XCBuildConfiguration;
			buildSettings = {
				ALWAYS_SEARCH_USER_PATHS = NO;
				CLANG_CXX_LANGUAGE_STANDARD = "gnu++0x";
				CLANG_CXX_LIBRARY = "libc++";
				CLANG_ENABLE_MODULES = YES;
				CLANG_ENABLE_OBJC_ARC = YES;
				CLANG_WARN_BOOL_CONVERSION = YES;
				CLANG_WARN_CONSTANT_CONVERSION = YES;
				CLANG_WARN_DIRECT_OBJC_ISA_USAGE = YES_ERROR;
				CLANG_WARN_EMPTY_BODY = YES;
				CLANG_WARN_ENUM_CONVERSION = YES;
				CLANG_WARN_INT_CONVERSION = YES;
				CLANG_WARN_OBJC_ROOT_CLASS = YES_ERROR;
				CLANG_WARN_UNREACHABLE_CODE = YES;
				CLANG_WARN__DUPLICATE_METHOD_MATCH = YES;
				"CODE_SIGN_IDENTITY[sdk=iphoneos*]" = "iPhone Developer";
				COPY_PHASE_STRIP = YES;
				ENABLE_NS_ASSERTIONS = NO;
				ENABLE_STRICT_OBJC_MSGSEND = YES;
				GCC_C_LANGUAGE_STANDARD = gnu99;
				GCC_WARN_64_TO_32_BIT_CONVERSION = YES;
				GCC_WARN_ABOUT_RETURN_TYPE = YES_ERROR;
				GCC_WARN_UNDECLARED_SELECTOR = YES;
				GCC_WARN_UNINITIALIZED_AUTOS = YES_AGGRESSIVE;
				GCC_WARN_UNUSED_FUNCTION = YES;
				GCC_WARN_UNUSED_VARIABLE = YES;
				IPHONEOS_DEPLOYMENT_TARGET = 8.1;
				MTL_ENABLE_DEBUG_INFO = NO;
				SDKROOT = iphoneos;
				VALIDATE_PRODUCT = YES;
			};
			name = Release;
		};
		831C19331A97F5CB000FD6D0 /* Debug */ = {
			isa = XCBuildConfiguration;
			buildSettings = {
				ALWAYS_SEARCH_USER_PATHS = NO;
				ASSETCATALOG_COMPILER_APPICON_NAME = AppIcon;
				FRAMEWORK_SEARCH_PATHS = (
					"$(inherited)",
					"$(PROJECT_DIR)",
				);
				HEADER_SEARCH_PATHS = (
					"$(inherited)",
					/Applications/Xcode.app/Contents/Developer/Toolchains/XcodeDefault.xctoolchain/usr/include,
				);
				INFOPLIST_FILE = SwiftParseChat/Info.plist;
				LD_RUNPATH_SEARCH_PATHS = "$(inherited) @executable_path/Frameworks";
				PRODUCT_NAME = "$(TARGET_NAME)";
				SWIFT_OBJC_BRIDGING_HEADER = "SwiftParseChat-Bridging-Header.h";
			};
			name = Debug;
		};
		831C19341A97F5CB000FD6D0 /* Release */ = {
			isa = XCBuildConfiguration;
			buildSettings = {
				ALWAYS_SEARCH_USER_PATHS = NO;
				ASSETCATALOG_COMPILER_APPICON_NAME = AppIcon;
				FRAMEWORK_SEARCH_PATHS = (
					"$(inherited)",
					"$(PROJECT_DIR)",
				);
				HEADER_SEARCH_PATHS = (
					"$(inherited)",
					/Applications/Xcode.app/Contents/Developer/Toolchains/XcodeDefault.xctoolchain/usr/include,
				);
				INFOPLIST_FILE = SwiftParseChat/Info.plist;
				LD_RUNPATH_SEARCH_PATHS = "$(inherited) @executable_path/Frameworks";
				PRODUCT_NAME = "$(TARGET_NAME)";
				SWIFT_OBJC_BRIDGING_HEADER = "SwiftParseChat-Bridging-Header.h";
			};
			name = Release;
		};
		831C19361A97F5CB000FD6D0 /* Debug */ = {
			isa = XCBuildConfiguration;
			buildSettings = {
				BUNDLE_LOADER = "$(TEST_HOST)";
				FRAMEWORK_SEARCH_PATHS = (
					"$(SDKROOT)/Developer/Library/Frameworks",
					"$(inherited)",
				);
				GCC_PREPROCESSOR_DEFINITIONS = (
					"DEBUG=1",
					"$(inherited)",
				);
				INFOPLIST_FILE = SwiftParseChatTests/Info.plist;
				LD_RUNPATH_SEARCH_PATHS = "$(inherited) @executable_path/Frameworks @loader_path/Frameworks";
				PRODUCT_NAME = "$(TARGET_NAME)";
				TEST_HOST = "$(BUILT_PRODUCTS_DIR)/SwiftParseChat.app/SwiftParseChat";
			};
			name = Debug;
		};
		831C19371A97F5CB000FD6D0 /* Release */ = {
			isa = XCBuildConfiguration;
			buildSettings = {
				BUNDLE_LOADER = "$(TEST_HOST)";
				FRAMEWORK_SEARCH_PATHS = (
					"$(SDKROOT)/Developer/Library/Frameworks",
					"$(inherited)",
				);
				INFOPLIST_FILE = SwiftParseChatTests/Info.plist;
				LD_RUNPATH_SEARCH_PATHS = "$(inherited) @executable_path/Frameworks @loader_path/Frameworks";
				PRODUCT_NAME = "$(TARGET_NAME)";
				TEST_HOST = "$(BUILT_PRODUCTS_DIR)/SwiftParseChat.app/SwiftParseChat";
			};
			name = Release;
		};
/* End XCBuildConfiguration section */

/* Begin XCConfigurationList section */
		831C190C1A97F5CA000FD6D0 /* Build configuration list for PBXProject "SwiftParseChat" */ = {
			isa = XCConfigurationList;
			buildConfigurations = (
				831C19301A97F5CB000FD6D0 /* Debug */,
				831C19311A97F5CB000FD6D0 /* Release */,
			);
			defaultConfigurationIsVisible = 0;
			defaultConfigurationName = Release;
		};
		831C19321A97F5CB000FD6D0 /* Build configuration list for PBXNativeTarget "SwiftParseChat" */ = {
			isa = XCConfigurationList;
			buildConfigurations = (
				831C19331A97F5CB000FD6D0 /* Debug */,
				831C19341A97F5CB000FD6D0 /* Release */,
			);
			defaultConfigurationIsVisible = 0;
			defaultConfigurationName = Release;
		};
		831C19351A97F5CB000FD6D0 /* Build configuration list for PBXNativeTarget "SwiftParseChatTests" */ = {
			isa = XCConfigurationList;
			buildConfigurations = (
				831C19361A97F5CB000FD6D0 /* Debug */,
				831C19371A97F5CB000FD6D0 /* Release */,
			);
			defaultConfigurationIsVisible = 0;
			defaultConfigurationName = Release;
		};
/* End XCConfigurationList section */
	};
	rootObject = 831C19091A97F5CA000FD6D0 /* Project object */;
}
